
Microsoft Visual Studio Solution File, Format Version 12.00
# Visual Studio Version 17
VisualStudioVersion = 17.12.35707.178
MinimumVisualStudioVersion = 10.0.40219.1
Project("{FAE04EC0-301F-11D3-BF4B-00C04F79EFBC}") = "Exercicios", "Exercicios\Exercicios.csproj", "{96586B0F-4F58-4ADF-AE46-BB33294ABBCF}"
EndProject
Project("{FAE04EC0-301F-11D3-BF4B-00C04F79EFBC}") = "Exercicio2", "Exercicio2\Exercicio2.csproj", "{A4613965-99B7-482E-80E3-3D08031BC24A}"
EndProject
Project("{FAE04EC0-301F-11D3-BF4B-00C04F79EFBC}") = "Exercicios3", "Exercicios3\Exercicios3.csproj", "{8FE4492B-1AEA-4708-B4A3-157ABD93A9EF}"
EndProject
Project("{FAE04EC0-301F-11D3-BF4B-00C04F79EFBC}") = "Exercicio4", "Exercicio4\Exercicio4.csproj", "{B5E65D41-6AE4-4F79-B74A-034A9359B8A2}"
EndProject
Global
	GlobalSection(SolutionConfigurationPlatforms) = preSolution
		Debug|Any CPU = Debug|Any CPU
		Release|Any CPU = Release|Any CPU
	EndGlobalSection
	GlobalSection(ProjectConfigurationPlatforms) = postSolution
		{96586B0F-4F58-4ADF-AE46-BB33294ABBCF}.Debug|Any CPU.ActiveCfg = Debug|Any CPU
		{96586B0F-4F58-4ADF-AE46-BB33294ABBCF}.Debug|Any CPU.Build.0 = Debug|Any CPU
		{96586B0F-4F58-4ADF-AE46-BB33294ABBCF}.Release|Any CPU.ActiveCfg = Release|Any CPU
		{96586B0F-4F58-4ADF-AE46-BB33294ABBCF}.Release|Any CPU.Build.0 = Release|Any CPU
		{A4613965-99B7-482E-80E3-3D08031BC24A}.Debug|Any CPU.ActiveCfg = Debug|Any CPU
		{A4613965-99B7-482E-80E3-3D08031BC24A}.Debug|Any CPU.Build.0 = Debug|Any CPU
		{A4613965-99B7-482E-80E3-3D08031BC24A}.Release|Any CPU.ActiveCfg = Release|Any CPU
		{A4613965-99B7-482E-80E3-3D08031BC24A}.Release|Any CPU.Build.0 = Release|Any CPU
		{8FE4492B-1AEA-4708-B4A3-157ABD93A9EF}.Debug|Any CPU.ActiveCfg = Debug|Any CPU
		{8FE4492B-1AEA-4708-B4A3-157ABD93A9EF}.Debug|Any CPU.Build.0 = Debug|Any CPU
		{8FE4492B-1AEA-4708-B4A3-157ABD93A9EF}.Release|Any CPU.ActiveCfg = Release|Any CPU
		{8FE4492B-1AEA-4708-B4A3-157ABD93A9EF}.Release|Any CPU.Build.0 = Release|Any CPU
		{B5E65D41-6AE4-4F79-B74A-034A9359B8A2}.Debug|Any CPU.ActiveCfg = Debug|Any CPU
		{B5E65D41-6AE4-4F79-B74A-034A9359B8A2}.Debug|Any CPU.Build.0 = Debug|Any CPU
		{B5E65D41-6AE4-4F79-B74A-034A9359B8A2}.Release|Any CPU.ActiveCfg = Release|Any CPU
		{B5E65D41-6AE4-4F79-B74A-034A9359B8A2}.Release|Any CPU.Build.0 = Release|Any CPU
	EndGlobalSection
	GlobalSection(SolutionProperties) = preSolution
		HideSolutionNode = FALSE
	EndGlobalSection
EndGlobal
